
Microsoft Visual Studio Solution File, Format Version 12.00
# Visual Studio Version 17
VisualStudioVersion = 17.4.33205.214
MinimumVisualStudioVersion = 10.0.40219.1
Project("{FAE04EC0-301F-11D3-BF4B-00C04F79EFBC}") = "ProjetoFinal", "ProjetoFinal.csproj", "{4DD95938-454C-4CB8-9972-80D296666984}"
EndProject
Global
	GlobalSection(SolutionConfigurationPlatforms) = preSolution
		Debug|Any CPU = Debug|Any CPU
		Release|Any CPU = Release|Any CPU
	EndGlobalSection
	GlobalSection(ProjectConfigurationPlatforms) = postSolution
		{4DD95938-454C-4CB8-9972-80D296666984}.Debug|Any CPU.ActiveCfg = Debug|Any CPU
		{4DD95938-454C-4CB8-9972-80D296666984}.Debug|Any CPU.Build.0 = Debug|Any CPU
		{4DD95938-454C-4CB8-9972-80D296666984}.Release|Any CPU.ActiveCfg = Release|Any CPU
		{4DD95938-454C-4CB8-9972-80D296666984}.Release|Any CPU.Build.0 = Release|Any CPU
	EndGlobalSection
	GlobalSection(SolutionProperties) = preSolution
		HideSolutionNode = FALSE
	EndGlobalSection
	GlobalSection(ExtensibilityGlobals) = postSolution
		SolutionGuid = {FBC8FE8F-589D-478F-AE3C-A1370F32D63F}
	EndGlobalSection
EndGlobal
